
Microsoft Visual Studio Solution File, Format Version 12.00
# Visual Studio Version 16
VisualStudioVersion = 16.0.29728.190
MinimumVisualStudioVersion = 10.0.40219.1
Project("{FAE04EC0-301F-11D3-BF4B-00C04F79EFBC}") = "WindowsFormsApp2", "WindowsFormsApp2\WindowsFormsApp2.csproj", "{28EB8B47-2AEA-4ACE-8C99-37982E311B83}"
EndProject
Global
	GlobalSection(SolutionConfigurationPlatforms) = preSolution
		Debug|Any CPU = Debug|Any CPU
		Release|Any CPU = Release|Any CPU
	EndGlobalSection
	GlobalSection(ProjectConfigurationPlatforms) = postSolution
		{28EB8B47-2AEA-4ACE-8C99-37982E311B83}.Debug|Any CPU.ActiveCfg = Debug|Any CPU
		{28EB8B47-2AEA-4ACE-8C99-37982E311B83}.Debug|Any CPU.Build.0 = Debug|Any CPU
		{28EB8B47-2AEA-4ACE-8C99-37982E311B83}.Release|Any CPU.ActiveCfg = Release|Any CPU
		{28EB8B47-2AEA-4ACE-8C99-37982E311B83}.Release|Any CPU.Build.0 = Release|Any CPU
	EndGlobalSection
	GlobalSection(SolutionProperties) = preSolution
		HideSolutionNode = FALSE
	EndGlobalSection
	GlobalSection(ExtensibilityGlobals) = postSolution
		SolutionGuid = {9C66E5F1-D3F5-4EC4-B544-873C481B008E}
	EndGlobalSection
EndGlobal
